
Microsoft Visual Studio Solution File, Format Version 12.00
# Visual Studio Version 17
VisualStudioVersion = 17.10.34928.147
MinimumVisualStudioVersion = 10.0.40219.1
Project("{FAE04EC0-301F-11D3-BF4B-00C04F79EFBC}") = "QuerySitiProcessorV1", "QuerySitiProcessorV1\QuerySitiProcessorV1.csproj", "{7A27B33F-565B-4042-86E2-803A2490A144}"
EndProject
Global
	GlobalSection(SolutionConfigurationPlatforms) = preSolution
		Debug|Any CPU = Debug|Any CPU
		Release|Any CPU = Release|Any CPU
	EndGlobalSection
	GlobalSection(ProjectConfigurationPlatforms) = postSolution
		{7A27B33F-565B-4042-86E2-803A2490A144}.Debug|Any CPU.ActiveCfg = Debug|Any CPU
		{7A27B33F-565B-4042-86E2-803A2490A144}.Debug|Any CPU.Build.0 = Debug|Any CPU
		{7A27B33F-565B-4042-86E2-803A2490A144}.Release|Any CPU.ActiveCfg = Release|Any CPU
		{7A27B33F-565B-4042-86E2-803A2490A144}.Release|Any CPU.Build.0 = Release|Any CPU
	EndGlobalSection
	GlobalSection(SolutionProperties) = preSolution
		HideSolutionNode = FALSE
	EndGlobalSection
	GlobalSection(ExtensibilityGlobals) = postSolution
		SolutionGuid = {778C66B0-59DF-477A-9EE5-EA574DFC6883}
	EndGlobalSection
EndGlobal
